[[package]]
name = "colorama"
version = "0.4.6"
description = "Cross-platform colored terminal text."
category = "main"
optional = false
python-versions = "!=3.0.*,!=3.1.*,!=3.2.*,!=3.3.*,!=3.4.*,!=3.5.*,!=3.6.*,>=2.7"

[[package]]
name = "numpy"
version = "1.23.4"
description = "NumPy is the fundamental package for array computing with Python."
category = "main"
optional = false
python-versions = ">=3.8"

[[package]]
name = "packaging"
version = "21.3"
description = "Core utilities for Python packages"
category = "main"
optional = false
python-versions = ">=3.6"

[package.dependencies]
pyparsing = ">=2.0.2,<3.0.5 || >3.0.5"

[[package]]
name = "pillow"
version = "9.2.0"
description = "Python Imaging Library (Fork)"
category = "main"
optional = false
python-versions = ">=3.7"

[package.extras]
docs = ["furo", "olefile", "sphinx (>=2.4)", "sphinx-copybutton", "sphinx-issues (>=3.0.1)", "sphinx-removed-in", "sphinxext-opengraph"]
tests = ["check-manifest", "coverage", "defusedxml", "markdown2", "olefile", "packaging", "pyroma", "pytest", "pytest-cov", "pytest-timeout"]

[[package]]
name = "pillow-simd"
version = "7.2.0.post1"
description = "Python Imaging Library (Fork)"
category = "main"
optional = false
python-versions = ">=3.5"

[[package]]
name = "pyparsing"
version = "3.0.9"
description = "pyparsing module - Classes and methods to define and execute parsing grammars"
category = "main"
optional = false
python-versions = ">=3.6.8"

[package.extras]
diagrams = ["railroad-diagrams", "jinja2"]

[[package]]
name = "torch"
version = "1.9.1"
description = "Tensors and Dynamic neural networks in Python with strong GPU acceleration"
category = "main"
optional = false
python-versions = ">=3.6.2"

[package.dependencies]
typing-extensions = "*"

[[package]]
name = "torchmetrics"
version = "0.10.1"
description = "PyTorch native Metrics"
category = "main"
optional = false
python-versions = ">=3.7"

[package.dependencies]
numpy = ">=1.17.2"
packaging = "*"
torch = ">=1.3.1"
typing-extensions = {version = "*", markers = "python_version < \"3.9\""}

[package.extras]
docs = ["sphinxcontrib-fulltoc (>=1.0)", "pandoc (>=1.0)", "sphinx-togglebutton (>=0.2)", "sphinxcontrib-mockautodoc", "sphinx (>=4.0,<5.0)", "sphinx-paramlinks (>=0.5.1)", "myst-parser", "sphinx-autodoc-typehints (>=1.0)", "nbsphinx (>=0.8)", "docutils (>=0.16)", "sphinx-copybutton (>=0.3)"]
all = ["pystoi", "pycocotools", "torchvision (>=0.8)", "scipy", "torchvision", "torch-fidelity", "lpips", "pytorch-lightning (>=1.5)", "regex (>=2021.9.24)", "tqdm (>=4.41.0)", "nltk (>=3.6)"]
audio = ["pystoi"]
detection = ["pycocotools", "torchvision (>=0.8)"]
image = ["scipy", "torchvision", "torch-fidelity", "lpips"]
integrate = ["pytorch-lightning (>=1.5)"]
test = ["phmdoctest (>=1.1.1)", "fast-bss-eval (>=0.1.0)", "cloudpickle (>=1.3)", "psutil", "bert-score (==0.3.10)", "pytest-timeout", "fire", "requests", "pytest-doctestplus (>=0.9.0)", "rouge-score (>=0.0.4)", "scikit-learn (>1.0,<1.1.1)", "coverage (>5.2)", "mir-eval (>=0.6)", "huggingface-hub (<0.7)", "pre-commit (>=1.0)", "pytest (>=6.0.0,<7.0.0)", "scikit-image (>0.17.1)", "transformers (>=4.0)", "pypesq (>1.2)", "check-manifest", "pycocotools", "netcal", "pytorch-msssim (==0.2.1)", "torch-complex", "sacrebleu (>=2.0.0)", "pytest-cov (>2.10)", "jiwer (>=2.3.0)"]
text = ["regex (>=2021.9.24)", "tqdm (>=4.41.0)", "nltk (>=3.6)"]

[[package]]
name = "torchvision"
version = "0.10.1"
description = "image and video datasets and models for torch deep learning"
category = "main"
optional = false
python-versions = "*"

[package.dependencies]
numpy = "*"
pillow = ">=5.3.0"
torch = "1.9.1"

[package.extras]
scipy = ["scipy"]

[[package]]
name = "tqdm"
version = "4.64.1"
description = "Fast, Extensible Progress Meter"
category = "main"
optional = false
python-versions = "!=3.0.*,!=3.1.*,!=3.2.*,!=3.3.*,>=2.7"

[package.dependencies]
colorama = {version = "*", markers = "platform_system == \"Windows\""}

[package.extras]
dev = ["py-make (>=0.1.0)", "twine", "wheel"]
notebook = ["ipywidgets (>=6)"]
slack = ["slack-sdk"]
telegram = ["requests"]

[[package]]
name = "typing-extensions"
version = "4.4.0"
description = "Backported and Experimental Type Hints for Python 3.7+"
category = "main"
optional = false
python-versions = ">=3.7"

[metadata]
lock-version = "1.1"
python-versions = "^3.8"
content-hash = "0c4c3af6565b074edc81d1249944994f4cfefdf78f2b0a54d0e215f7023b16ad"

[metadata.files]
colorama = []
numpy = []
packaging = [
    {file = "packaging-21.3-py3-none-any.whl", hash = "sha256:ef103e05f519cdc783ae24ea4e2e0f508a9c99b2d4969652eed6a2e1ea5bd522"},
    {file = "packaging-21.3.tar.gz", hash = "sha256:dd47c42927d89ab911e606518907cc2d3a1f38bbd026385970643f9c5b8ecfeb"},
]
pillow = []
pillow-simd = []
pyparsing = [
    {file = "pyparsing-3.0.9-py3-none-any.whl", hash = "sha256:5026bae9a10eeaefb61dab2f09052b9f4307d44aee4eda64b309723d8d206bbc"},
    {file = "pyparsing-3.0.9.tar.gz", hash = "sha256:2b020ecf7d21b687f219b71ecad3631f644a47f01403fa1d1036b0c6416d70fb"},
]
torch = [
    {file = "torch-1.9.1-cp36-cp36m-manylinux1_x86_64.whl", hash = "sha256:06435080ba0a2c8f88b65af0550b973c5aa7771eacd9b17f69057fc7436a8ae2"},
    {file = "torch-1.9.1-cp36-cp36m-win_amd64.whl", hash = "sha256:b92f934b3c95578b3fd37cc06afca208d63f02b0d01b806e979cb4e46124a7f8"},
    {file = "torch-1.9.1-cp36-none-macosx_10_9_x86_64.whl", hash = "sha256:54dacb6a3f63c54334fadbf22fb6e9ee865085a4e0368962edff5babda057606"},
    {file = "torch-1.9.1-cp37-cp37m-manylinux1_x86_64.whl", hash = "sha256:dd3ca91dc1a9fe3fbcddf035cb2fb8be44d57a527b845cd196ba69249adecccf"},
    {file = "torch-1.9.1-cp37-cp37m-win_amd64.whl", hash = "sha256:42ca081a2e0e759844e70cad7efd8fcfb2f81634dffa73a226564eb83d989e5b"},
    {file = "torch-1.9.1-cp37-none-macosx_10_9_x86_64.whl", hash = "sha256:335961a5c893f7b33b29aecbc19382a1a1b0106b3457a1c45148e1e14f8f5e09"},
    {file = "torch-1.9.1-cp38-cp38-manylinux1_x86_64.whl", hash = "sha256:1fb49ca0ca8edefbb3f47f6801482144c3a746ec21a65eb3f0839a1d8fb24705"},
    {file = "torch-1.9.1-cp38-cp38-win_amd64.whl", hash = "sha256:936d303c5e1d60259fb71d95a33e84d84fececa25a0fae112f6a23286ff183c8"},
    {file = "torch-1.9.1-cp38-none-macosx_10_9_x86_64.whl", hash = "sha256:351dda9f483486bec66ed838234e96f077e6886c88110bb1e2f4a708ed2356ce"},
    {file = "torch-1.9.1-cp39-cp39-manylinux1_x86_64.whl", hash = "sha256:35ec703bc535bde7e8790ab9500f02d4413d995ac981520501fde95e268781e1"},
    {file = "torch-1.9.1-cp39-cp39-win_amd64.whl", hash = "sha256:e470697006a4c08e4fb6a645e8ca49b0d36c8e7ccf413deef5161335bd7399f1"},
    {file = "torch-1.9.1-cp39-none-macosx_10_9_x86_64.whl", hash = "sha256:a198332e2d344d25e423ae2df98d56d83060f19e9f4cf23164dffc8d403efeb8"},
]
torchmetrics = []
torchvision = [
    {file = "torchvision-0.10.1-cp36-cp36m-macosx_10_9_x86_64.whl", hash = "sha256:bc99a984b162ee5626787eaee885d9fec1a5f16837f9d0c8223cca3269b9e47d"},
    {file = "torchvision-0.10.1-cp36-cp36m-manylinux1_x86_64.whl", hash = "sha256:46a70a30ea7aeab63e67504778f2565fbb1c153fdd8e1a8c6a22193aec4dbddd"},
    {file = "torchvision-0.10.1-cp36-cp36m-win_amd64.whl", hash = "sha256:e504d9d51eae60a98925aee4a3fd58655abd5669659ad7431f7791a93af166fc"},
    {file = "torchvision-0.10.1-cp37-cp37m-macosx_10_9_x86_64.whl", hash = "sha256:cd7e2b1a89d5a08f24325fc12441f5ba2822f407489377ac7841bf351a1f4d37"},
    {file = "torchvision-0.10.1-cp37-cp37m-manylinux1_x86_64.whl", hash = "sha256:99d3e01e1d67d12bcc88e826431b70cad5b8e4729a277c04601f83358a120508"},
    {file = "torchvision-0.10.1-cp37-cp37m-win_amd64.whl", hash = "sha256:4ebffeee5468a0934952030eaba1de1dbb08154132235ee1d9049e41dfb1600d"},
    {file = "torchvision-0.10.1-cp38-cp38-macosx_10_9_x86_64.whl", hash = "sha256:d7c2d6c20244404fc9ca3568c88c305cb5a81d526d5912d52d22c64999bd4353"},
    {file = "torchvision-0.10.1-cp38-cp38-manylinux1_x86_64.whl", hash = "sha256:d6420bf21b9d0bdbabe55d64c8b11c61f8eb077948a55d5707946fcb17d97cec"},
    {file = "torchvision-0.10.1-cp38-cp38-win_amd64.whl", hash = "sha256:453e935212193e89b4bbb8d51082d8138631c2f8a420390284b1946d893df6eb"},
    {file = "torchvision-0.10.1-cp39-cp39-macosx_10_9_x86_64.whl", hash = "sha256:1c186f42b4f8aa9a01c56c3a758693b0447aa169afb9fba0051177f8fecbd691"},
    {file = "torchvision-0.10.1-cp39-cp39-manylinux1_x86_64.whl", hash = "sha256:ac8dfbe4933013dda898b815e2476ebbc35e3a16b9352dfdd66e773c77755bec"},
    {file = "torchvision-0.10.1-cp39-cp39-win_amd64.whl", hash = "sha256:6c8fe90213be4bce590ac9647b34db022d5d1ae94f309a733b9a64e65232173a"},
]
tqdm = []
typing-extensions = []
